{
  "originHash" : "94cfa7cb9576620f0d941ffbc64b4c449818772692ded5e6192448d2e94cdb7e",
  "pins" : [
    {
      "identity" : "firebase-ios-sdk-xcframeworks",
      "kind" : "remoteSourceControl",
      "location" : "https://github.com/akaffenberger/firebase-ios-sdk-xcframeworks",
      "state" : {
        "revision" : "61070e30ca6df2a90855294fb320b67e359a57ef",
        "version" : "11.1.0"
      }
    }
  ],
  "version" : 3
}
