// !$*UTF8*$!
{
	archiveVersion = 1;
	classes = {
	};
	objectVersion = 56;
	objects = {

/* Begin PBXBuildFile section */
		800AB4912CE4BFE30084B795 /* FSCalendar in Frameworks */ = {isa = PBXBuildFile; productRef = 800AB4902CE4BFE30084B795 /* FSCalendar */; };
		807BA0B72C6D218C002EBB9B /* ContentView.swift in Sources */ = {isa = PBXBuildFile; fileRef = 807BA0B62C6D218C002EBB9B /* ContentView.swift */; };
		807BA0B92C6D218F002EBB9B /* Assets.xcassets in Resources */ = {isa = PBXBuildFile; fileRef = 807BA0B82C6D218F002EBB9B /* Assets.xcassets */; };
		807BA0BC2C6D218F002EBB9B /* Preview Assets.xcassets in Resources */ = {isa = PBXBuildFile; fileRef = 807BA0BB2C6D218F002EBB9B /* Preview Assets.xcassets */; };
		807BA0D52C6D233C002EBB9B /* AuthViewModel.swift in Sources */ = {isa = PBXBuildFile; fileRef = 807BA0D42C6D233C002EBB9B /* AuthViewModel.swift */; };
		807BA0D72C6D236D002EBB9B /* AppDelegate.swift in Sources */ = {isa = PBXBuildFile; fileRef = 807BA0D62C6D236D002EBB9B /* AppDelegate.swift */; };
		807BA0E02C6D28B0002EBB9B /* MainView.swift in Sources */ = {isa = PBXBuildFile; fileRef = 807BA0DF2C6D28B0002EBB9B /* MainView.swift */; };
		807BA0E72C738930002EBB9B /* HeaderView.swift in Sources */ = {isa = PBXBuildFile; fileRef = 807BA0E62C738930002EBB9B /* HeaderView.swift */; };
		807BA0E92C738FD9002EBB9B /* SignUpView.swift in Sources */ = {isa = PBXBuildFile; fileRef = 807BA0E82C738FD9002EBB9B /* SignUpView.swift */; };
		807BA0EB2C74F374002EBB9B /* ProfileView.swift in Sources */ = {isa = PBXBuildFile; fileRef = 807BA0EA2C74F374002EBB9B /* ProfileView.swift */; };
		807BA0ED2C74F562002EBB9B /* HomeView.swift in Sources */ = {isa = PBXBuildFile; fileRef = 807BA0EC2C74F562002EBB9B /* HomeView.swift */; };
		807BA0EF2C74FEC1002EBB9B /* DoTaskView.swift in Sources */ = {isa = PBXBuildFile; fileRef = 807BA0EE2C74FEC1002EBB9B /* DoTaskView.swift */; };
		807BA0F12C750DF7002EBB9B /* AddToDoView.swift in Sources */ = {isa = PBXBuildFile; fileRef = 807BA0F02C750DF7002EBB9B /* AddToDoView.swift */; };
		807BA0F52C75F1A0002EBB9B /* TaskItem.swift in Sources */ = {isa = PBXBuildFile; fileRef = 807BA0F42C75F1A0002EBB9B /* TaskItem.swift */; };
		807BA0F72C75F5B4002EBB9B /* FirebaseFirestore in Frameworks */ = {isa = PBXBuildFile; productRef = 807BA0F62C75F5B4002EBB9B /* FirebaseFirestore */; };
		807BA0F92C75F62B002EBB9B /* FirebaseFirestore in Frameworks */ = {isa = PBXBuildFile; productRef = 807BA0F82C75F62B002EBB9B /* FirebaseFirestore */; };
		807BA1042C7F1F42002EBB9B /* FirebaseAuthManager.swift in Sources */ = {isa = PBXBuildFile; fileRef = 807BA1032C7F1F42002EBB9B /* FirebaseAuthManager.swift */; };
		807BA1062C7F20D6002EBB9B /* GoogleService-Info.plist in Resources */ = {isa = PBXBuildFile; fileRef = 807BA1052C7F20D6002EBB9B /* GoogleService-Info.plist */; };
		807BA1082C7F2EC5002EBB9B /* FirestoreClient.swift in Sources */ = {isa = PBXBuildFile; fileRef = 807BA1072C7F2EC5002EBB9B /* FirestoreClient.swift */; };
		80C9A00E2C91B1F800635FB2 /* FirebaseAuth in Frameworks */ = {isa = PBXBuildFile; productRef = 80C9A00D2C91B1F800635FB2 /* FirebaseAuth */; };
		80C9A0102C91B1F800635FB2 /* FirebaseFirestore in Frameworks */ = {isa = PBXBuildFile; productRef = 80C9A00F2C91B1F800635FB2 /* FirebaseFirestore */; };
		80C9A0122C91B1F800635FB2 /* FirebaseStorage in Frameworks */ = {isa = PBXBuildFile; productRef = 80C9A0112C91B1F800635FB2 /* FirebaseStorage */; };
/* End PBXBuildFile section */

/* Begin PBXFileReference section */
		807BA0B12C6D218C002EBB9B /* ToDoTask.app */ = {isa = PBXFileReference; explicitFileType = wrapper.application; includeInIndex = 0; path = ToDoTask.app; sourceTree = BUILT_PRODUCTS_DIR; };
		807BA0B62C6D218C002EBB9B /* ContentView.swift */ = {isa = PBXFileReference; lastKnownFileType = sourcecode.swift; path = ContentView.swift; sourceTree = "<group>"; };
		807BA0B82C6D218F002EBB9B /* Assets.xcassets */ = {isa = PBXFileReference; lastKnownFileType = folder.assetcatalog; path = Assets.xcassets; sourceTree = "<group>"; };
		807BA0BB2C6D218F002EBB9B /* Preview Assets.xcassets */ = {isa = PBXFileReference; lastKnownFileType = folder.assetcatalog; path = "Preview Assets.xcassets"; sourceTree = "<group>"; };
		807BA0D42C6D233C002EBB9B /* AuthViewModel.swift */ = {isa = PBXFileReference; lastKnownFileType = sourcecode.swift; path = AuthViewModel.swift; sourceTree = "<group>"; };
		807BA0D62C6D236D002EBB9B /* AppDelegate.swift */ = {isa = PBXFileReference; lastKnownFileType = sourcecode.swift; path = AppDelegate.swift; sourceTree = "<group>"; };
		807BA0DF2C6D28B0002EBB9B /* MainView.swift */ = {isa = PBXFileReference; lastKnownFileType = sourcecode.swift; path = MainView.swift; sourceTree = "<group>"; };
		807BA0E32C6D2A77002EBB9B /* Info.plist */ = {isa = PBXFileReference; lastKnownFileType = text.plist; path = Info.plist; sourceTree = "<group>"; };
		807BA0E62C738930002EBB9B /* HeaderView.swift */ = {isa = PBXFileReference; lastKnownFileType = sourcecode.swift; path = HeaderView.swift; sourceTree = "<group>"; };
		807BA0E82C738FD9002EBB9B /* SignUpView.swift */ = {isa = PBXFileReference; lastKnownFileType = sourcecode.swift; path = SignUpView.swift; sourceTree = "<group>"; };
		807BA0EA2C74F374002EBB9B /* ProfileView.swift */ = {isa = PBXFileReference; lastKnownFileType = sourcecode.swift; path = ProfileView.swift; sourceTree = "<group>"; };
		807BA0EC2C74F562002EBB9B /* HomeView.swift */ = {isa = PBXFileReference; lastKnownFileType = sourcecode.swift; path = HomeView.swift; sourceTree = "<group>"; };
		807BA0EE2C74FEC1002EBB9B /* DoTaskView.swift */ = {isa = PBXFileReference; lastKnownFileType = sourcecode.swift; path = DoTaskView.swift; sourceTree = "<group>"; };
		807BA0F02C750DF7002EBB9B /* AddToDoView.swift */ = {isa = PBXFileReference; lastKnownFileType = sourcecode.swift; path = AddToDoView.swift; sourceTree = "<group>"; };
		807BA0F42C75F1A0002EBB9B /* TaskItem.swift */ = {isa = PBXFileReference; lastKnownFileType = sourcecode.swift; path = TaskItem.swift; sourceTree = "<group>"; };
		807BA1032C7F1F42002EBB9B /* FirebaseAuthManager.swift */ = {isa = PBXFileReference; lastKnownFileType = sourcecode.swift; path = FirebaseAuthManager.swift; sourceTree = "<group>"; };
		807BA1052C7F20D6002EBB9B /* GoogleService-Info.plist */ = {isa = PBXFileReference; fileEncoding = 4; lastKnownFileType = text.plist.xml; path = "GoogleService-Info.plist"; sourceTree = "<group>"; };
		807BA1072C7F2EC5002EBB9B /* FirestoreClient.swift */ = {isa = PBXFileReference; lastKnownFileType = sourcecode.swift; path = FirestoreClient.swift; sourceTree = "<group>"; };
/* End PBXFileReference section */

/* Begin PBXFrameworksBuildPhase section */
		807BA0AE2C6D218C002EBB9B /* Frameworks */ = {
			isa = PBXFrameworksBuildPhase;
			buildActionMask = 2147483647;
			files = (
				807BA0F92C75F62B002EBB9B /* FirebaseFirestore in Frameworks */,
				800AB4912CE4BFE30084B795 /* FSCalendar in Frameworks */,
				80C9A0102C91B1F800635FB2 /* FirebaseFirestore in Frameworks */,
				80C9A00E2C91B1F800635FB2 /* FirebaseAuth in Frameworks */,
				80C9A0122C91B1F800635FB2 /* FirebaseStorage in Frameworks */,
				807BA0F72C75F5B4002EBB9B /* FirebaseFirestore in Frameworks */,
			);
			runOnlyForDeploymentPostprocessing = 0;
		};
/* End PBXFrameworksBuildPhase section */

/* Begin PBXGroup section */
		807BA0A82C6D218C002EBB9B = {
			isa = PBXGroup;
			children = (
				807BA0B32C6D218C002EBB9B /* ToDoTask */,
				807BA0B22C6D218C002EBB9B /* Products */,
			);
			sourceTree = "<group>";
		};
		807BA0B22C6D218C002EBB9B /* Products */ = {
			isa = PBXGroup;
			children = (
				807BA0B12C6D218C002EBB9B /* ToDoTask.app */,
			);
			name = Products;
			sourceTree = "<group>";
		};
		807BA0B32C6D218C002EBB9B /* ToDoTask */ = {
			isa = PBXGroup;
			children = (
				807BA0E32C6D2A77002EBB9B /* Info.plist */,
				807BA0DF2C6D28B0002EBB9B /* MainView.swift */,
				807BA0B62C6D218C002EBB9B /* ContentView.swift */,
				807BA0D42C6D233C002EBB9B /* AuthViewModel.swift */,
				807BA1032C7F1F42002EBB9B /* FirebaseAuthManager.swift */,
				807BA0D62C6D236D002EBB9B /* AppDelegate.swift */,
				807BA0E62C738930002EBB9B /* HeaderView.swift */,
				807BA0E82C738FD9002EBB9B /* SignUpView.swift */,
				807BA0EC2C74F562002EBB9B /* HomeView.swift */,
				807BA0EA2C74F374002EBB9B /* ProfileView.swift */,
				807BA0EE2C74FEC1002EBB9B /* DoTaskView.swift */,
				807BA0F02C750DF7002EBB9B /* AddToDoView.swift */,
				807BA0F42C75F1A0002EBB9B /* TaskItem.swift */,
				807BA1072C7F2EC5002EBB9B /* FirestoreClient.swift */,
				807BA1052C7F20D6002EBB9B /* GoogleService-Info.plist */,
				807BA0B82C6D218F002EBB9B /* Assets.xcassets */,
				807BA0BA2C6D218F002EBB9B /* Preview Content */,
			);
			path = ToDoTask;
			sourceTree = "<group>";
		};
		807BA0BA2C6D218F002EBB9B /* Preview Content */ = {
			isa = PBXGroup;
			children = (
				807BA0BB2C6D218F002EBB9B /* Preview Assets.xcassets */,
			);
			path = "Preview Content";
			sourceTree = "<group>";
		};
/* End PBXGroup section */

/* Begin PBXNativeTarget section */
		807BA0B02C6D218C002EBB9B /* ToDoTask */ = {
			isa = PBXNativeTarget;
			buildConfigurationList = 807BA0BF2C6D218F002EBB9B /* Build configuration list for PBXNativeTarget "ToDoTask" */;
			buildPhases = (
				807BA0AD2C6D218C002EBB9B /* Sources */,
				807BA0AE2C6D218C002EBB9B /* Frameworks */,
				807BA0AF2C6D218C002EBB9B /* Resources */,
			);
			buildRules = (
			);
			dependencies = (
			);
			name = ToDoTask;
			packageProductDependencies = (
				807BA0F62C75F5B4002EBB9B /* FirebaseFirestore */,
				807BA0F82C75F62B002EBB9B /* FirebaseFirestore */,
				80C9A00D2C91B1F800635FB2 /* FirebaseAuth */,
				80C9A00F2C91B1F800635FB2 /* FirebaseFirestore */,
				80C9A0112C91B1F800635FB2 /* FirebaseStorage */,
				800AB4902CE4BFE30084B795 /* FSCalendar */,
			);
			productName = ToDoTask;
			productReference = 807BA0B12C6D218C002EBB9B /* ToDoTask.app */;
			productType = "com.apple.product-type.application";
		};
/* End PBXNativeTarget section */

/* Begin PBXProject section */
		807BA0A92C6D218C002EBB9B /* Project object */ = {
			isa = PBXProject;
			attributes = {
				BuildIndependentTargetsInParallel = 1;
				LastSwiftUpdateCheck = 1530;
				LastUpgradeCheck = 1530;
				TargetAttributes = {
					807BA0B02C6D218C002EBB9B = {
						CreatedOnToolsVersion = 15.3;
					};
				};
			};
			buildConfigurationList = 807BA0AC2C6D218C002EBB9B /* Build configuration list for PBXProject "ToDoTask" */;
			compatibilityVersion = "Xcode 14.0";
			developmentRegion = en;
			hasScannedForEncodings = 0;
			knownRegions = (
				en,
				Base,
			);
			mainGroup = 807BA0A82C6D218C002EBB9B;
			packageReferences = (
				80C9A00C2C91B1F800635FB2 /* XCRemoteSwiftPackageReference "firebase-ios-sdk" */,
				800AB48F2CE4BFE30084B795 /* XCRemoteSwiftPackageReference "FSCalendar" */,
			);
			productRefGroup = 807BA0B22C6D218C002EBB9B /* Products */;
			projectDirPath = "";
			projectRoot = "";
			targets = (
				807BA0B02C6D218C002EBB9B /* ToDoTask */,
			);
		};
/* End PBXProject section */

/* Begin PBXResourcesBuildPhase section */
		807BA0AF2C6D218C002EBB9B /* Resources */ = {
			isa = PBXResourcesBuildPhase;
			buildActionMask = 2147483647;
			files = (
				807BA0BC2C6D218F002EBB9B /* Preview Assets.xcassets in Resources */,
				807BA0B92C6D218F002EBB9B /* Assets.xcassets in Resources */,
				807BA1062C7F20D6002EBB9B /* GoogleService-Info.plist in Resources */,
			);
			runOnlyForDeploymentPostprocessing = 0;
		};
/* End PBXResourcesBuildPhase section */

/* Begin PBXSourcesBuildPhase section */
		807BA0AD2C6D218C002EBB9B /* Sources */ = {
			isa = PBXSourcesBuildPhase;
			buildActionMask = 2147483647;
			files = (
				807BA0E72C738930002EBB9B /* HeaderView.swift in Sources */,
				807BA0D72C6D236D002EBB9B /* AppDelegate.swift in Sources */,
				807BA0E02C6D28B0002EBB9B /* MainView.swift in Sources */,
				807BA0D52C6D233C002EBB9B /* AuthViewModel.swift in Sources */,
				807BA0ED2C74F562002EBB9B /* HomeView.swift in Sources */,
				807BA1082C7F2EC5002EBB9B /* FirestoreClient.swift in Sources */,
				807BA0EF2C74FEC1002EBB9B /* DoTaskView.swift in Sources */,
				807BA1042C7F1F42002EBB9B /* FirebaseAuthManager.swift in Sources */,
				807BA0F52C75F1A0002EBB9B /* TaskItem.swift in Sources */,
				807BA0F12C750DF7002EBB9B /* AddToDoView.swift in Sources */,
				807BA0EB2C74F374002EBB9B /* ProfileView.swift in Sources */,
				807BA0E92C738FD9002EBB9B /* SignUpView.swift in Sources */,
				807BA0B72C6D218C002EBB9B /* ContentView.swift in Sources */,
			);
			runOnlyForDeploymentPostprocessing = 0;
		};
/* End PBXSourcesBuildPhase section */

/* Begin XCBuildConfiguration section */
		807BA0BD2C6D218F002EBB9B /* Debug */ = {
			isa = XCBuildConfiguration;
			buildSettings = {
				ALWAYS_SEARCH_USER_PATHS = NO;
				ASSETCATALOG_COMPILER_GENERATE_SWIFT_ASSET_SYMBOL_EXTENSIONS = YES;
				CLANG_ANALYZER_NONNULL = YES;
				CLANG_ANALYZER_NUMBER_OBJECT_CONVERSION = YES_AGGRESSIVE;
				CLANG_CXX_LANGUAGE_STANDARD = "gnu++20";
				CLANG_ENABLE_MODULES = YES;
				CLANG_ENABLE_OBJC_ARC = YES;
				CLANG_ENABLE_OBJC_WEAK = YES;
				CLANG_WARN_BLOCK_CAPTURE_AUTORELEASING = YES;
				CLANG_WARN_BOOL_CONVERSION = YES;
				CLANG_WARN_COMMA = YES;
				CLANG_WARN_CONSTANT_CONVERSION = YES;
				CLANG_WARN_DEPRECATED_OBJC_IMPLEMENTATIONS = YES;
				CLANG_WARN_DIRECT_OBJC_ISA_USAGE = YES_ERROR;
				CLANG_WARN_DOCUMENTATION_COMMENTS = YES;
				CLANG_WARN_EMPTY_BODY = YES;
				CLANG_WARN_ENUM_CONVERSION = YES;
				CLANG_WARN_INFINITE_RECURSION = YES;
				CLANG_WARN_INT_CONVERSION = YES;
				CLANG_WARN_NON_LITERAL_NULL_CONVERSION = YES;
				CLANG_WARN_OBJC_IMPLICIT_RETAIN_SELF = YES;
				CLANG_WARN_OBJC_LITERAL_CONVERSION = YES;
				CLANG_WARN_OBJC_ROOT_CLASS = YES_ERROR;
				CLANG_WARN_QUOTED_INCLUDE_IN_FRAMEWORK_HEADER = YES;
				CLANG_WARN_RANGE_LOOP_ANALYSIS = YES;
				CLANG_WARN_STRICT_PROTOTYPES = YES;
				CLANG_WARN_SUSPICIOUS_MOVE = YES;
				CLANG_WARN_UNGUARDED_AVAILABILITY = YES_AGGRESSIVE;
				CLANG_WARN_UNREACHABLE_CODE = YES;
				CLANG_WARN__DUPLICATE_METHOD_MATCH = YES;
				COPY_PHASE_STRIP = NO;
				DEBUG_INFORMATION_FORMAT = dwarf;
				ENABLE_STRICT_OBJC_MSGSEND = YES;
				ENABLE_TESTABILITY = YES;
				ENABLE_USER_SCRIPT_SANDBOXING = YES;
				GCC_C_LANGUAGE_STANDARD = gnu17;
				GCC_DYNAMIC_NO_PIC = NO;
				GCC_NO_COMMON_BLOCKS = YES;
				GCC_OPTIMIZATION_LEVEL = 0;
				GCC_PREPROCESSOR_DEFINITIONS = (
					"DEBUG=1",
					"$(inherited)",
				);
				GCC_WARN_64_TO_32_BIT_CONVERSION = YES;
				GCC_WARN_ABOUT_RETURN_TYPE = YES_ERROR;
				GCC_WARN_UNDECLARED_SELECTOR = YES;
				GCC_WARN_UNINITIALIZED_AUTOS = YES_AGGRESSIVE;
				GCC_WARN_UNUSED_FUNCTION = YES;
				GCC_WARN_UNUSED_VARIABLE = YES;
				IPHONEOS_DEPLOYMENT_TARGET = 17.4;
				LOCALIZATION_PREFERS_STRING_CATALOGS = YES;
				MTL_ENABLE_DEBUG_INFO = INCLUDE_SOURCE;
				MTL_FAST_MATH = YES;
				ONLY_ACTIVE_ARCH = YES;
				SDKROOT = iphoneos;
				SWIFT_ACTIVE_COMPILATION_CONDITIONS = "DEBUG $(inherited)";
				SWIFT_OPTIMIZATION_LEVEL = "-Onone";
			};
			name = Debug;
		};
		807BA0BE2C6D218F002EBB9B /* Release */ = {
			isa = XCBuildConfiguration;
			buildSettings = {
				ALWAYS_SEARCH_USER_PATHS = NO;
				ASSETCATALOG_COMPILER_GENERATE_SWIFT_ASSET_SYMBOL_EXTENSIONS = YES;
				CLANG_ANALYZER_NONNULL = YES;
				CLANG_ANALYZER_NUMBER_OBJECT_CONVERSION = YES_AGGRESSIVE;
				CLANG_CXX_LANGUAGE_STANDARD = "gnu++20";
				CLANG_ENABLE_MODULES = YES;
				CLANG_ENABLE_OBJC_ARC = YES;
				CLANG_ENABLE_OBJC_WEAK = YES;
				CLANG_WARN_BLOCK_CAPTURE_AUTORELEASING = YES;
				CLANG_WARN_BOOL_CONVERSION = YES;
				CLANG_WARN_COMMA = YES;
				CLANG_WARN_CONSTANT_CONVERSION = YES;
				CLANG_WARN_DEPRECATED_OBJC_IMPLEMENTATIONS = YES;
				CLANG_WARN_DIRECT_OBJC_ISA_USAGE = YES_ERROR;
				CLANG_WARN_DOCUMENTATION_COMMENTS = YES;
				CLANG_WARN_EMPTY_BODY = YES;
				CLANG_WARN_ENUM_CONVERSION = YES;
				CLANG_WARN_INFINITE_RECURSION = YES;
				CLANG_WARN_INT_CONVERSION = YES;
				CLANG_WARN_NON_LITERAL_NULL_CONVERSION = YES;
				CLANG_WARN_OBJC_IMPLICIT_RETAIN_SELF = YES;
				CLANG_WARN_OBJC_LITERAL_CONVERSION = YES;
				CLANG_WARN_OBJC_ROOT_CLASS = YES_ERROR;
				CLANG_WARN_QUOTED_INCLUDE_IN_FRAMEWORK_HEADER = YES;
				CLANG_WARN_RANGE_LOOP_ANALYSIS = YES;
				CLANG_WARN_STRICT_PROTOTYPES = YES;
				CLANG_WARN_SUSPICIOUS_MOVE = YES;
				CLANG_WARN_UNGUARDED_AVAILABILITY = YES_AGGRESSIVE;
				CLANG_WARN_UNREACHABLE_CODE = YES;
				CLANG_WARN__DUPLICATE_METHOD_MATCH = YES;
				COPY_PHASE_STRIP = NO;
				DEBUG_INFORMATION_FORMAT = "dwarf-with-dsym";
				ENABLE_NS_ASSERTIONS = NO;
				ENABLE_STRICT_OBJC_MSGSEND = YES;
				ENABLE_USER_SCRIPT_SANDBOXING = YES;
				GCC_C_LANGUAGE_STANDARD = gnu17;
				GCC_NO_COMMON_BLOCKS = YES;
				GCC_WARN_64_TO_32_BIT_CONVERSION = YES;
				GCC_WARN_ABOUT_RETURN_TYPE = YES_ERROR;
				GCC_WARN_UNDECLARED_SELECTOR = YES;
				GCC_WARN_UNINITIALIZED_AUTOS = YES_AGGRESSIVE;
				GCC_WARN_UNUSED_FUNCTION = YES;
				GCC_WARN_UNUSED_VARIABLE = YES;
				IPHONEOS_DEPLOYMENT_TARGET = 17.4;
				LOCALIZATION_PREFERS_STRING_CATALOGS = YES;
				MTL_ENABLE_DEBUG_INFO = NO;
				MTL_FAST_MATH = YES;
				SDKROOT = iphoneos;
				SWIFT_COMPILATION_MODE = wholemodule;
				VALIDATE_PRODUCT = YES;
			};
			name = Release;
		};
		807BA0C02C6D218F002EBB9B /* Debug */ = {
			isa = XCBuildConfiguration;
			buildSettings = {
				ASSETCATALOG_COMPILER_APPICON_NAME = AppIcon;
				ASSETCATALOG_COMPILER_GLOBAL_ACCENT_COLOR_NAME = AccentColor;
				CODE_SIGN_STYLE = Automatic;
				CURRENT_PROJECT_VERSION = 1;
				DEVELOPMENT_ASSET_PATHS = "\"ToDoTask/Preview Content\"";
				DEVELOPMENT_TEAM = 6883D837G9;
				ENABLE_PREVIEWS = YES;
				GENERATE_INFOPLIST_FILE = YES;
				INFOPLIST_FILE = ToDoTask/Info.plist;
				INFOPLIST_KEY_UIApplicationSceneManifest_Generation = YES;
				INFOPLIST_KEY_UIApplicationSupportsIndirectInputEvents = YES;
				INFOPLIST_KEY_UILaunchScreen_Generation = YES;
				INFOPLIST_KEY_UISupportedInterfaceOrientations_iPad = "UIInterfaceOrientationPortrait UIInterfaceOrientationPortraitUpsideDown UIInterfaceOrientationLandscapeLeft UIInterfaceOrientationLandscapeRight";
				INFOPLIST_KEY_UISupportedInterfaceOrientations_iPhone = "UIInterfaceOrientationPortrait UIInterfaceOrientationLandscapeLeft UIInterfaceOrientationLandscapeRight";
				LD_RUNPATH_SEARCH_PATHS = (
					"$(inherited)",
					"@executable_path/Frameworks",
				);
				MARKETING_VERSION = 1.0;
				OTHER_LDFLAGS = "-ObjC";
				PRODUCT_BUNDLE_IDENTIFIER = app.kanai.natsuki.ToDoTask;
				PRODUCT_NAME = "$(TARGET_NAME)";
				SWIFT_EMIT_LOC_STRINGS = YES;
				SWIFT_VERSION = 5.0;
				TARGETED_DEVICE_FAMILY = "1,2";
			};
			name = Debug;
		};
		807BA0C12C6D218F002EBB9B /* Release */ = {
			isa = XCBuildConfiguration;
			buildSettings = {
				ASSETCATALOG_COMPILER_APPICON_NAME = AppIcon;
				ASSETCATALOG_COMPILER_GLOBAL_ACCENT_COLOR_NAME = AccentColor;
				CODE_SIGN_STYLE = Automatic;
				CURRENT_PROJECT_VERSION = 1;
				DEVELOPMENT_ASSET_PATHS = "\"ToDoTask/Preview Content\"";
				DEVELOPMENT_TEAM = 6883D837G9;
				ENABLE_PREVIEWS = YES;
				GENERATE_INFOPLIST_FILE = YES;
				INFOPLIST_FILE = ToDoTask/Info.plist;
				INFOPLIST_KEY_UIApplicationSceneManifest_Generation = YES;
				INFOPLIST_KEY_UIApplicationSupportsIndirectInputEvents = YES;
				INFOPLIST_KEY_UILaunchScreen_Generation = YES;
				INFOPLIST_KEY_UISupportedInterfaceOrientations_iPad = "UIInterfaceOrientationPortrait UIInterfaceOrientationPortraitUpsideDown UIInterfaceOrientationLandscapeLeft UIInterfaceOrientationLandscapeRight";
				INFOPLIST_KEY_UISupportedInterfaceOrientations_iPhone = "UIInterfaceOrientationPortrait UIInterfaceOrientationLandscapeLeft UIInterfaceOrientationLandscapeRight";
				LD_RUNPATH_SEARCH_PATHS = (
					"$(inherited)",
					"@executable_path/Frameworks",
				);
				MARKETING_VERSION = 1.0;
				OTHER_LDFLAGS = "-ObjC";
				PRODUCT_BUNDLE_IDENTIFIER = app.kanai.natsuki.ToDoTask;
				PRODUCT_NAME = "$(TARGET_NAME)";
				SWIFT_EMIT_LOC_STRINGS = YES;
				SWIFT_VERSION = 5.0;
				TARGETED_DEVICE_FAMILY = "1,2";
			};
			name = Release;
		};
/* End XCBuildConfiguration section */

/* Begin XCConfigurationList section */
		807BA0AC2C6D218C002EBB9B /* Build configuration list for PBXProject "ToDoTask" */ = {
			isa = XCConfigurationList;
			buildConfigurations = (
				807BA0BD2C6D218F002EBB9B /* Debug */,
				807BA0BE2C6D218F002EBB9B /* Release */,
			);
			defaultConfigurationIsVisible = 0;
			defaultConfigurationName = Release;
		};
		807BA0BF2C6D218F002EBB9B /* Build configuration list for PBXNativeTarget "ToDoTask" */ = {
			isa = XCConfigurationList;
			buildConfigurations = (
				807BA0C02C6D218F002EBB9B /* Debug */,
				807BA0C12C6D218F002EBB9B /* Release */,
			);
			defaultConfigurationIsVisible = 0;
			defaultConfigurationName = Release;
		};
/* End XCConfigurationList section */

/* Begin XCRemoteSwiftPackageReference section */
		800AB48F2CE4BFE30084B795 /* XCRemoteSwiftPackageReference "FSCalendar" */ = {
			isa = XCRemoteSwiftPackageReference;
			repositoryURL = "https://github.com/WenchaoD/FSCalendar";
			requirement = {
				kind = upToNextMajorVersion;
				minimumVersion = 2.8.4;
			};
		};
		80C9A00C2C91B1F800635FB2 /* XCRemoteSwiftPackageReference "firebase-ios-sdk" */ = {
			isa = XCRemoteSwiftPackageReference;
			repositoryURL = "https://github.com/firebase/firebase-ios-sdk.git";
			requirement = {
				kind = upToNextMajorVersion;
				minimumVersion = 11.2.0;
			};
		};
/* End XCRemoteSwiftPackageReference section */

/* Begin XCSwiftPackageProductDependency section */
		800AB4902CE4BFE30084B795 /* FSCalendar */ = {
			isa = XCSwiftPackageProductDependency;
			package = 800AB48F2CE4BFE30084B795 /* XCRemoteSwiftPackageReference "FSCalendar" */;
			productName = FSCalendar;
		};
		807BA0F62C75F5B4002EBB9B /* FirebaseFirestore */ = {
			isa = XCSwiftPackageProductDependency;
			productName = FirebaseFirestore;
		};
		807BA0F82C75F62B002EBB9B /* FirebaseFirestore */ = {
			isa = XCSwiftPackageProductDependency;
			productName = FirebaseFirestore;
		};
		80C9A00D2C91B1F800635FB2 /* FirebaseAuth */ = {
			isa = XCSwiftPackageProductDependency;
			package = 80C9A00C2C91B1F800635FB2 /* XCRemoteSwiftPackageReference "firebase-ios-sdk" */;
			productName = FirebaseAuth;
		};
		80C9A00F2C91B1F800635FB2 /* FirebaseFirestore */ = {
			isa = XCSwiftPackageProductDependency;
			package = 80C9A00C2C91B1F800635FB2 /* XCRemoteSwiftPackageReference "firebase-ios-sdk" */;
			productName = FirebaseFirestore;
		};
		80C9A0112C91B1F800635FB2 /* FirebaseStorage */ = {
			isa = XCSwiftPackageProductDependency;
			package = 80C9A00C2C91B1F800635FB2 /* XCRemoteSwiftPackageReference "firebase-ios-sdk" */;
			productName = FirebaseStorage;
		};
/* End XCSwiftPackageProductDependency section */
	};
	rootObject = 807BA0A92C6D218C002EBB9B /* Project object */;
}
